
Microsoft Visual Studio Solution File, Format Version 12.00
# Visual Studio 15
VisualStudioVersion = 15.0.27130.2003
MinimumVisualStudioVersion = 10.0.40219.1
Project("{FAE04EC0-301F-11D3-BF4B-00C04F79EFBC}") = "WpfSimpleUI", "WpfSimpleUI\WpfSimpleUI.csproj", "{A32BD3AE-ED9D-4FA1-98AB-72B193498716}"
EndProject
Project("{FAE04EC0-301F-11D3-BF4B-00C04F79EFBC}") = "WpfSimpleUI.TestWindow", "WpfSimpleUI.TestWindow\WpfSimpleUI.TestWindow.csproj", "{1B24EA28-BFF6-426E-99ED-A63A70CD727A}"
EndProject
Global
	GlobalSection(SolutionConfigurationPlatforms) = preSolution
		Debug|Any CPU = Debug|Any CPU
		Release|Any CPU = Release|Any CPU
	EndGlobalSection
	GlobalSection(ProjectConfigurationPlatforms) = postSolution
		{A32BD3AE-ED9D-4FA1-98AB-72B193498716}.Debug|Any CPU.ActiveCfg = Debug|Any CPU
		{A32BD3AE-ED9D-4FA1-98AB-72B193498716}.Debug|Any CPU.Build.0 = Debug|Any CPU
		{A32BD3AE-ED9D-4FA1-98AB-72B193498716}.Release|Any CPU.ActiveCfg = Release|Any CPU
		{A32BD3AE-ED9D-4FA1-98AB-72B193498716}.Release|Any CPU.Build.0 = Release|Any CPU
		{1B24EA28-BFF6-426E-99ED-A63A70CD727A}.Debug|Any CPU.ActiveCfg = Debug|Any CPU
		{1B24EA28-BFF6-426E-99ED-A63A70CD727A}.Debug|Any CPU.Build.0 = Debug|Any CPU
		{1B24EA28-BFF6-426E-99ED-A63A70CD727A}.Release|Any CPU.ActiveCfg = Release|Any CPU
		{1B24EA28-BFF6-426E-99ED-A63A70CD727A}.Release|Any CPU.Build.0 = Release|Any CPU
	EndGlobalSection
	GlobalSection(SolutionProperties) = preSolution
		HideSolutionNode = FALSE
	EndGlobalSection
	GlobalSection(ExtensibilityGlobals) = postSolution
		SolutionGuid = {15CB3079-C81E-45FD-865C-ECDD0EE55AAE}
	EndGlobalSection
EndGlobal
